
Microsoft Visual Studio Solution File, Format Version 12.00
# Visual Studio Version 17
VisualStudioVersion = 17.14.36518.9 d17.14
MinimumVisualStudioVersion = 10.0.40219.1
Project("{FAE04EC0-301F-11D3-BF4B-00C04F79EFBC}") = "MediSenior", "MediSenior\MediSenior.csproj", "{736B540A-DB79-4D16-AA0D-62AF1E5918CE}"
EndProject
Global
	GlobalSection(SolutionConfigurationPlatforms) = preSolution
		Debug|Any CPU = Debug|Any CPU
		Release|Any CPU = Release|Any CPU
	EndGlobalSection
	GlobalSection(ProjectConfigurationPlatforms) = postSolution
		{736B540A-DB79-4D16-AA0D-62AF1E5918CE}.Debug|Any CPU.ActiveCfg = Debug|Any CPU
		{736B540A-DB79-4D16-AA0D-62AF1E5918CE}.Debug|Any CPU.Build.0 = Debug|Any CPU
		{736B540A-DB79-4D16-AA0D-62AF1E5918CE}.Release|Any CPU.ActiveCfg = Release|Any CPU
		{736B540A-DB79-4D16-AA0D-62AF1E5918CE}.Release|Any CPU.Build.0 = Release|Any CPU
	EndGlobalSection
	GlobalSection(SolutionProperties) = preSolution
		HideSolutionNode = FALSE
	EndGlobalSection
	GlobalSection(ExtensibilityGlobals) = postSolution
		SolutionGuid = {302628E4-BA7B-4877-ADCE-8614AD3DD5E2}
	EndGlobalSection
EndGlobal
